
Microsoft Visual Studio Solution File, Format Version 12.00
# Visual Studio Version 17
VisualStudioVersion = 17.7.34202.233
MinimumVisualStudioVersion = 10.0.40219.1
Project("{FAE04EC0-301F-11D3-BF4B-00C04F79EFBC}") = "MultiTenantTest", "MultiTenantTest\MultiTenantTest.csproj", "{3192CA44-305D-459A-A121-A088E26158DC}"
EndProject
Global
	GlobalSection(SolutionConfigurationPlatforms) = preSolution
		Debug|Any CPU = Debug|Any CPU
		Release|Any CPU = Release|Any CPU
	EndGlobalSection
	GlobalSection(ProjectConfigurationPlatforms) = postSolution
		{3192CA44-305D-459A-A121-A088E26158DC}.Debug|Any CPU.ActiveCfg = Debug|Any CPU
		{3192CA44-305D-459A-A121-A088E26158DC}.Debug|Any CPU.Build.0 = Debug|Any CPU
		{3192CA44-305D-459A-A121-A088E26158DC}.Release|Any CPU.ActiveCfg = Release|Any CPU
		{3192CA44-305D-459A-A121-A088E26158DC}.Release|Any CPU.Build.0 = Release|Any CPU
	EndGlobalSection
	GlobalSection(SolutionProperties) = preSolution
		HideSolutionNode = FALSE
	EndGlobalSection
	GlobalSection(ExtensibilityGlobals) = postSolution
		SolutionGuid = {589DF4C0-F47A-4E5D-BE7E-51C70B5B3489}
	EndGlobalSection
EndGlobal
